{
	"name": "ion",
	"lockfileVersion": 3,
	"requires": true,
	"packages": {
		"": {
			"name": "ion",
			"workspaces": [
				"core",
				"test-app",
				"http"
			],
			"devDependencies": {
				"@tsconfig/strictest": "^2.0.8",
				"@types/node": "^25.9.2",
				"reflect-metadata": "^0.2.2",
				"typescript": "^6.0.3"
			}
		},
		"core": {
			"name": "@ion/core",
			"version": "0.0.1",
			"license": "MIT"
		},
		"http": {
			"name": "@ion/http",
			"version": "0.0.1",
			"license": "MIT",
			"dependencies": {
				"@ion/core": "^0.0.1"
			}
		},
		"node_modules/@ion/core": {
			"resolved": "core",
			"link": true
		},
		"node_modules/@ion/http": {
			"resolved": "http",
			"link": true
		},
		"node_modules/@tsconfig/strictest": {
			"version": "2.0.8",
			"resolved": "https://registry.npmjs.org/@tsconfig/strictest/-/strictest-2.0.8.tgz",
			"integrity": "sha512-XnQ7vNz5HRN0r88GYf1J9JJjqtZPiHt2woGJOo2dYqyHGGcd6OLGqSlBB6p1j9mpzja6Oe5BoPqWmeDx6X9rLw==",
			"dev": true,
			"license": "MIT"
		},
		"node_modules/@types/node": {
			"version": "25.9.2",
			"resolved": "https://registry.npmjs.org/@types/node/-/node-25.9.2.tgz",
			"integrity": "sha512-G05zqtJhcDLb8uslf5EjCxXg9G1KQxiV8OS0R26IC//Eoyitzqe8z37I7cqvnZlrlSfgocQRfSn/AHBZJJFyGw==",
			"dev": true,
			"license": "MIT",
			"dependencies": {
				"undici-types": ">=7.24.0 <7.24.7"
			}
		},
		"node_modules/reflect-metadata": {
			"version": "0.2.2",
			"resolved": "https://registry.npmjs.org/reflect-metadata/-/reflect-metadata-0.2.2.tgz",
			"integrity": "sha512-urBwgfrvVP/eAyXx4hluJivBKzuEbSQs9rKWCrCkbSxNv8mxPcUZKeuoF3Uy4mJl3Lwprp6yy5/39VWigZ4K6Q==",
			"dev": true,
			"license": "Apache-2.0"
		},
		"node_modules/test-app": {
			"resolved": "test-app",
			"link": true
		},
		"node_modules/typescript": {
			"version": "6.0.3",
			"resolved": "https://registry.npmjs.org/typescript/-/typescript-6.0.3.tgz",
			"integrity": "sha512-y2TvuxSZPDyQakkFRPZHKFm+KKVqIisdg9/CZwm9ftvKXLP8NRWj38/ODjNbr43SsoXqNuAisEf1GdCxqWcdBw==",
			"dev": true,
			"license": "Apache-2.0",
			"bin": {
				"tsc": "bin/tsc",
				"tsserver": "bin/tsserver"
			},
			"engines": {
				"node": ">=14.17"
			}
		},
		"node_modules/undici-types": {
			"version": "7.24.6",
			"resolved": "https://registry.npmjs.org/undici-types/-/undici-types-7.24.6.tgz",
			"integrity": "sha512-WRNW+sJgj5OBN4/0JpHFqtqzhpbnV0GuB+OozA9gCL7a993SmU+1JBZCzLNxYsbMfIeDL+lTsphD5jN5N+n0zg==",
			"dev": true,
			"license": "MIT"
		},
		"std": {
			"name": "@ion/std",
			"version": "0.0.1",
			"extraneous": true,
			"license": "MIT"
		},
		"test-app": {
			"version": "0.0.1",
			"license": "MIT",
			"dependencies": {
				"@ion/core": "^0.0.1",
				"@ion/http": "^0.0.1"
			}
		}
	}
}
